
Microsoft Visual Studio Solution File, Format Version 11.00
# Visual Studio 2010
# SharpDevelop 5.1
Project("{FAE04EC0-301F-11D3-BF4B-00C04F79EFBC}") = "callfunctions", "callfunctions.csproj", "{0728C6A2-1FC8-497C-B1DA-BC85E6184681}"
EndProject
Global
	GlobalSection(SolutionConfigurationPlatforms) = preSolution
		Debug|Any CPU = Debug|Any CPU
		Release|Any CPU = Release|Any CPU
	EndGlobalSection
	GlobalSection(ProjectConfigurationPlatforms) = postSolution
		{0728C6A2-1FC8-497C-B1DA-BC85E6184681}.Debug|Any CPU.ActiveCfg = Debug|Any CPU
		{0728C6A2-1FC8-497C-B1DA-BC85E6184681}.Debug|Any CPU.Build.0 = Debug|Any CPU
		{0728C6A2-1FC8-497C-B1DA-BC85E6184681}.Release|Any CPU.ActiveCfg = Release|Any CPU
		{0728C6A2-1FC8-497C-B1DA-BC85E6184681}.Release|Any CPU.Build.0 = Release|Any CPU
	EndGlobalSection
EndGlobal
