
Microsoft Visual Studio Solution File, Format Version 11.00
# Visual Studio 2010
# SharpDevelop 5.1
Project("{FAE04EC0-301F-11D3-BF4B-00C04F79EFBC}") = "Introtoclass", "Introtoclass\Introtoclass.csproj", "{EC174916-7679-489B-9979-388527B0FE8D}"
EndProject
Global
	GlobalSection(SolutionConfigurationPlatforms) = preSolution
		Debug|Any CPU = Debug|Any CPU
		Release|Any CPU = Release|Any CPU
	EndGlobalSection
	GlobalSection(ProjectConfigurationPlatforms) = postSolution
		{EC174916-7679-489B-9979-388527B0FE8D}.Debug|Any CPU.ActiveCfg = Debug|Any CPU
		{EC174916-7679-489B-9979-388527B0FE8D}.Debug|Any CPU.Build.0 = Debug|Any CPU
		{EC174916-7679-489B-9979-388527B0FE8D}.Release|Any CPU.ActiveCfg = Release|Any CPU
		{EC174916-7679-489B-9979-388527B0FE8D}.Release|Any CPU.Build.0 = Release|Any CPU
	EndGlobalSection
EndGlobal
