
Microsoft Visual Studio Solution File, Format Version 11.00
# Visual Studio 2010
# SharpDevelop 5.1
Project("{FAE04EC0-301F-11D3-BF4B-00C04F79EFBC}") = "Try", "Try\Try.csproj", "{6B4BB869-93E2-4812-B7CF-6F933DE40E3C}"
EndProject
Project("{FAE04EC0-301F-11D3-BF4B-00C04F79EFBC}") = "basiccalcul", "basiccalcul\basiccalcul.csproj", "{9B6E79EB-1578-424C-AEFA-02209A5E2580}"
EndProject
Global
	GlobalSection(SolutionConfigurationPlatforms) = preSolution
		Debug|Any CPU = Debug|Any CPU
		Release|Any CPU = Release|Any CPU
	EndGlobalSection
	GlobalSection(ProjectConfigurationPlatforms) = postSolution
		{6B4BB869-93E2-4812-B7CF-6F933DE40E3C}.Debug|Any CPU.ActiveCfg = Debug|Any CPU
		{6B4BB869-93E2-4812-B7CF-6F933DE40E3C}.Debug|Any CPU.Build.0 = Debug|Any CPU
		{6B4BB869-93E2-4812-B7CF-6F933DE40E3C}.Release|Any CPU.ActiveCfg = Release|Any CPU
		{6B4BB869-93E2-4812-B7CF-6F933DE40E3C}.Release|Any CPU.Build.0 = Release|Any CPU
		{9B6E79EB-1578-424C-AEFA-02209A5E2580}.Debug|Any CPU.ActiveCfg = Debug|Any CPU
		{9B6E79EB-1578-424C-AEFA-02209A5E2580}.Debug|Any CPU.Build.0 = Debug|Any CPU
		{9B6E79EB-1578-424C-AEFA-02209A5E2580}.Release|Any CPU.ActiveCfg = Release|Any CPU
		{9B6E79EB-1578-424C-AEFA-02209A5E2580}.Release|Any CPU.Build.0 = Release|Any CPU
	EndGlobalSection
EndGlobal
