
Microsoft Visual Studio Solution File, Format Version 11.00
# Visual Studio 2010
# SharpDevelop 5.1
Project("{FAE04EC0-301F-11D3-BF4B-00C04F79EFBC}") = "OOP functions", "OOP functions\OOP functions.csproj", "{F54C8717-0CE9-4ABC-B335-BBE0C6876393}"
EndProject
Project("{FAE04EC0-301F-11D3-BF4B-00C04F79EFBC}") = "Callbyref vs callbyvalue", "..\Callbyref vs callbyvalue\Callbyref vs callbyvalue.csproj", "{85D5B0F2-F30D-4D28-8506-1731E49C3751}"
EndProject
Global
	GlobalSection(SolutionConfigurationPlatforms) = preSolution
		Debug|Any CPU = Debug|Any CPU
		Release|Any CPU = Release|Any CPU
	EndGlobalSection
	GlobalSection(ProjectConfigurationPlatforms) = postSolution
		{F54C8717-0CE9-4ABC-B335-BBE0C6876393}.Debug|Any CPU.ActiveCfg = Debug|Any CPU
		{F54C8717-0CE9-4ABC-B335-BBE0C6876393}.Debug|Any CPU.Build.0 = Debug|Any CPU
		{F54C8717-0CE9-4ABC-B335-BBE0C6876393}.Release|Any CPU.ActiveCfg = Release|Any CPU
		{F54C8717-0CE9-4ABC-B335-BBE0C6876393}.Release|Any CPU.Build.0 = Release|Any CPU
		{85D5B0F2-F30D-4D28-8506-1731E49C3751}.Debug|Any CPU.ActiveCfg = Debug|Any CPU
		{85D5B0F2-F30D-4D28-8506-1731E49C3751}.Debug|Any CPU.Build.0 = Debug|Any CPU
		{85D5B0F2-F30D-4D28-8506-1731E49C3751}.Release|Any CPU.ActiveCfg = Release|Any CPU
		{85D5B0F2-F30D-4D28-8506-1731E49C3751}.Release|Any CPU.Build.0 = Release|Any CPU
	EndGlobalSection
EndGlobal
