
Microsoft Visual Studio Solution File, Format Version 11.00
# Visual Studio 2010
# SharpDevelop 5.1
Project("{FAE04EC0-301F-11D3-BF4B-00C04F79EFBC}") = "Basiccalc", "Basiccalc.csproj", "{ABE2B198-6CB3-45CD-8335-CB6CFA28BC4A}"
EndProject
Global
	GlobalSection(SolutionConfigurationPlatforms) = preSolution
		Debug|Any CPU = Debug|Any CPU
		Release|Any CPU = Release|Any CPU
	EndGlobalSection
	GlobalSection(ProjectConfigurationPlatforms) = postSolution
		{ABE2B198-6CB3-45CD-8335-CB6CFA28BC4A}.Debug|Any CPU.ActiveCfg = Debug|Any CPU
		{ABE2B198-6CB3-45CD-8335-CB6CFA28BC4A}.Debug|Any CPU.Build.0 = Debug|Any CPU
		{ABE2B198-6CB3-45CD-8335-CB6CFA28BC4A}.Release|Any CPU.ActiveCfg = Release|Any CPU
		{ABE2B198-6CB3-45CD-8335-CB6CFA28BC4A}.Release|Any CPU.Build.0 = Release|Any CPU
	EndGlobalSection
EndGlobal
